
Microsoft Visual Studio Solution File, Format Version 12.00
# Visual Studio 14
VisualStudioVersion = 14.0.23107.0
MinimumVisualStudioVersion = 10.0.40219.1
Project("{FAE04EC0-301F-11D3-BF4B-00C04F79EFBC}") = "WcfClientProxyGenerator", "WcfClientProxyGenerator\WcfClientProxyGenerator.csproj", "{78BA30BD-E0AB-40B8-ABFD-C7C850640455}"
EndProject
Project("{FAE04EC0-301F-11D3-BF4B-00C04F79EFBC}") = "AlphaVSX", "AlphaVSX\AlphaVSX.csproj", "{55C0204E-67A8-475D-95F6-529F9CFFE465}"
EndProject
Global
	GlobalSection(Performance) = preSolution
		HasPerformanceSessions = true
	EndGlobalSection
	GlobalSection(SolutionConfigurationPlatforms) = preSolution
		Debug|Any CPU = Debug|Any CPU
		Release|Any CPU = Release|Any CPU
	EndGlobalSection
	GlobalSection(ProjectConfigurationPlatforms) = postSolution
		{78BA30BD-E0AB-40B8-ABFD-C7C850640455}.Debug|Any CPU.ActiveCfg = Debug|Any CPU
		{78BA30BD-E0AB-40B8-ABFD-C7C850640455}.Debug|Any CPU.Build.0 = Debug|Any CPU
		{78BA30BD-E0AB-40B8-ABFD-C7C850640455}.Release|Any CPU.ActiveCfg = Release|Any CPU
		{78BA30BD-E0AB-40B8-ABFD-C7C850640455}.Release|Any CPU.Build.0 = Release|Any CPU
		{55C0204E-67A8-475D-95F6-529F9CFFE465}.Debug|Any CPU.ActiveCfg = Debug|Any CPU
		{55C0204E-67A8-475D-95F6-529F9CFFE465}.Debug|Any CPU.Build.0 = Debug|Any CPU
		{55C0204E-67A8-475D-95F6-529F9CFFE465}.Release|Any CPU.ActiveCfg = Release|Any CPU
		{55C0204E-67A8-475D-95F6-529F9CFFE465}.Release|Any CPU.Build.0 = Release|Any CPU
	EndGlobalSection
	GlobalSection(SolutionProperties) = preSolution
		HideSolutionNode = FALSE
	EndGlobalSection
EndGlobal
